{
  "name": "root",
  "lockfileVersion": 3,
  "requires": true,
  "packages": {
    "": {
      "dependencies": {
        "node-red-contrib-s7": "^3.1.3"
      }
    },
    "node_modules/node-red-contrib-s7": {
      "version": "3.1.3",
      "resolved": "https://registry.npmjs.org/node-red-contrib-s7/-/node-red-contrib-s7-3.1.3.tgz",
      "integrity": "sha512-+aCb96HPFzW750n8TDFEyVZNzbKEBwNqDJMAreD3pdinGrVFg3RyJ4gRisgF4vBX1Shx+JVfuKXtPe3f/oPAgA==",
      "dependencies": {
        "@st-one-io/nodes7": "1.1.2"
      }
    },
    "node_modules/node-red-contrib-s7/node_modules/@st-one-io/nodes7": {
      "version": "1.1.2",
      "resolved": "https://registry.npmjs.org/@st-one-io/nodes7/-/nodes7-1.1.2.tgz",
      "integrity": "sha512-Q7lhOCy2oY2MyZb8equ8UxhoImxtpYm2pJmJgpiWzeMBxIsH3YcNcksHl5xSErdcJXFY1GrORgFN8VtQHCyRlg==",
      "dependencies": {
        "iso-on-tcp": "^0.1.0"
      }
    },
    "node_modules/node-red-contrib-s7/node_modules/iso-on-tcp": {
      "version": "0.1.0",
      "resolved": "https://registry.npmjs.org/iso-on-tcp/-/iso-on-tcp-0.1.0.tgz",
      "integrity": "sha512-ty4/0A+4qW35QoPE74GfUiMtIBtTN4ZENNqfD0+5GQIoOnjLvmzCC1pCRWwlhopdSGZGmza9bBxdOuVmzlpN7g=="
    }
  }
}
