#
# Copyright (c) Siemens AG, 2019-2024
#
# Authors:
#  Su Bao Cheng <baocheng.su@siemens.com>
#
# This file is subject to the terms and conditions of the MIT License.  See
# COPYING.MIT file in the top-level directory.
#

header:
  version: 14

local_conf_header:
  package-lock: |
    # 2023-10-23 15:16:30 UTC
    ISAR_APT_SNAPSHOT_TIMESTAMP = "1698074190"
    ISAR_USE_APT_SNAPSHOT = "1"
