{
  "requires": true,
  "lockfileVersion": 1,
  "dependencies": {
    "node-red-contrib-s7": {
      "version": "3.0.0",
      "resolved": "https://registry.npmjs.org/node-red-contrib-s7/-/node-red-contrib-s7-3.0.0.tgz",
      "integrity": "sha512-nZGS0atEuEr9JmBeCiiVXWWVs1oKuChSVZqpq6wI6faUhf4lNRLRKxA7+Np/en0RW1p76WpUNYDU28DRyU66nQ==",
      "requires": {
        "@st-one-io/nodes7": "^1.0.0-beta.1"
      },
      "dependencies": {
        "@st-one-io/nodes7": {
          "version": "1.0.0",
          "resolved": "https://registry.npmjs.org/@st-one-io/nodes7/-/nodes7-1.0.0.tgz",
          "integrity": "sha512-VoXJWJ2eRNaEPAgG+mF86+jAm2JcWF/+/MePF4+GoO5uxwzd8CcEhtbCxIfYYtb6y05FePwws+jFim9SVFyoEQ==",
          "requires": {
            "iso-on-tcp": "^0.1.0"
          }
        },
        "iso-on-tcp": {
          "version": "0.1.0",
          "resolved": "https://registry.npmjs.org/iso-on-tcp/-/iso-on-tcp-0.1.0.tgz",
          "integrity": "sha512-ty4/0A+4qW35QoPE74GfUiMtIBtTN4ZENNqfD0+5GQIoOnjLvmzCC1pCRWwlhopdSGZGmza9bBxdOuVmzlpN7g=="
        }
      }
    }
  }
}
